
Microsoft Visual Studio Solution File, Format Version 12.00
# Visual Studio Version 16
VisualStudioVersion = 16.0.30503.244
MinimumVisualStudioVersion = 10.0.40219.1
Project("{2150E333-8FDC-42A3-9474-1A3956D46DE8}") = "GHPCommerce.Core", "GHPCommerce.Core", "{89657C4F-79B7-4013-9500-E5AE9494B45E}"
EndProject
Project("{9A19103F-16F7-4668-BE54-9A1E7A4F7556}") = "GHPCommerce.Domain", "GHPCommerce.Core\GHPCommerce.Domain\GHPCommerce.Domain.csproj", "{06084144-EC3A-4273-96CC-5A6972F1FFE5}"
EndProject
Project("{9A19103F-16F7-4668-BE54-9A1E7A4F7556}") = "GHPCommerce.Application", "GHPCommerce.Core\GHPCommerce.Application\GHPCommerce.Application.csproj", "{B6292C82-30B7-4E6B-B342-0B2CA14E978F}"
EndProject
Project("{2150E333-8FDC-42A3-9474-1A3956D46DE8}") = "GHPCommerce.Infrastructure", "GHPCommerce.Infrastructure", "{F53446F0-E362-4F12-AFB4-3E471A913B68}"
EndProject
Project("{9A19103F-16F7-4668-BE54-9A1E7A4F7556}") = "GHPCommerce.Persistence", "GHPCommerce.Infrastructure\GHPCommerce.Persistence\GHPCommerce.Persistence.csproj", "{516E95F0-8B72-4BF9-99F7-69F57828B7D1}"
EndProject
Project("{9A19103F-16F7-4668-BE54-9A1E7A4F7556}") = "GHPCommerce.Infra", "GHPCommerce.Infrastructure\GHPCommerce.Infra\GHPCommerce.Infra.csproj", "{86794F77-07BB-4C2D-BE26-7E5CD17C9E2A}"
EndProject
Project("{2150E333-8FDC-42A3-9474-1A3956D46DE8}") = "GHPCommerc.BackEnd", "GHPCommerc.BackEnd", "{FCB8E853-CB8E-4CBA-969A-EA3EEB122FDE}"
EndProject
Project("{9A19103F-16F7-4668-BE54-9A1E7A4F7556}") = "GHPCommerce.WebApi", "GHPCommerce.BackEnd\GHPCommerce.WebApi\GHPCommerce.WebApi.csproj", "{2A73AC23-F3DA-413C-820F-21CD257A32C7}"
EndProject
Project("{9A19103F-16F7-4668-BE54-9A1E7A4F7556}") = "GHPCommerce.Notification", "GHPCommerce.BackEnd\GHPCommerce.Notfication\GHPCommerce.Notification.csproj", "{84AF564B-1DBA-425B-8367-F869346A4145}"
EndProject
Project("{9A19103F-16F7-4668-BE54-9A1E7A4F7556}") = "GHPCommerce.CrossCuttingConcerns", "GHPCommerce.CrossCuttingConcerns\GHPCommerce.CrossCuttingConcerns\GHPCommerce.CrossCuttingConcerns.csproj", "{B214981F-0F3A-469B-9C7B-2746398E765A}"
EndProject
Project("{9A19103F-16F7-4668-BE54-9A1E7A4F7556}") = "GHPCommerce.Migrator", "GHPCommerce.Infrastructure\GHPCommerce.Migrator\GHPCommerce.Migrator.csproj", "{651CB11E-769E-4FAA-ACA7-19FCD951BFD6}"
EndProject
Project("{9A19103F-16F7-4668-BE54-9A1E7A4F7556}") = "GHPCommerce.IS4Admin", "GHPCommerce.BackEnd\GHPCommerce.IS4Admin\GHPCommerce.IS4Admin.csproj", "{4BEA7236-8B60-4DF9-8570-1814C292D6A0}"
EndProject
Project("{2150E333-8FDC-42A3-9474-1A3956D46DE8}") = "Modules", "Modules", "{A22A2C9C-C56A-43EB-92FA-CC6883A70E9D}"
EndProject
Project("{9A19103F-16F7-4668-BE54-9A1E7A4F7556}") = "GHPCommerce.Modules.Inventory", "Modules\GHPCommerce.Modules.Inventory\GHPCommerce.Modules.Inventory.csproj", "{BBB1612A-7EB8-419B-AE56-4DDC34683F7F}"
EndProject
Project("{9A19103F-16F7-4668-BE54-9A1E7A4F7556}") = "GHPCommerce.Core.Shared", "GHPCommerce.Core\GHPCommerce.Core.Shared\GHPCommerce.Core.Shared.csproj", "{774ECC29-A5D8-40F2-9A39-8939E64B8177}"
EndProject
Project("{9A19103F-16F7-4668-BE54-9A1E7A4F7556}") = "GHPCommerce.Ecommerce", "GHPCommerce.BackEnd\GHPCommerce.Ecommerce\GHPCommerce.Ecommerce.csproj", "{3BA74184-EB57-4E98-85F5-F47F286B3274}"
EndProject
Project("{9A19103F-16F7-4668-BE54-9A1E7A4F7556}") = "GHPCommerce.Modules.Sales", "Modules\GHPCommerce.Modules.Sales\GHPCommerce.Modules.Sales.csproj", "{836CDFF5-5365-44C8-9B65-A262B34AACB4}"
EndProject
Project("{9A19103F-16F7-4668-BE54-9A1E7A4F7556}") = "GHPCommerce.Modules.Sales.Test", "Modules\GHPCommerce.Modules.Sales.Test\GHPCommerce.Modules.Sales.Test.csproj", "{AD581177-CAD8-4550-A415-8947BA785585}"
EndProject
Project("{9A19103F-16F7-4668-BE54-9A1E7A4F7556}") = "SoapClient", "GHPCommerce.Infrastructure\SoapClient\SoapClient.csproj", "{5D7112DA-5A54-4090-8D62-F850030C5BEB}"
EndProject
Project("{9A19103F-16F7-4668-BE54-9A1E7A4F7556}") = "GHPCommerce.Modules.Quota", "Modules\GHPCommerce.Modules.Quota\GHPCommerce.Modules.Quota.csproj", "{A38C7CB7-6201-454B-8120-8A3E9C81AF95}"
EndProject
Project("{9A19103F-16F7-4668-BE54-9A1E7A4F7556}") = "GHPCommerce.Modules.PreparationOrder", "Modules\GHPCommerce.Modules.PreparationOrder\GHPCommerce.Modules.PreparationOrder.csproj", "{47901E1C-9063-4DE3-8D91-9522146D8000}"
EndProject
Project("{9A19103F-16F7-4668-BE54-9A1E7A4F7556}") = "GHPCommerce.Modules.Procurement", "Modules\GHPCommerce.Modules.Procurement\GHPCommerce.Modules.Procurement.csproj", "{98F76C4E-C14E-4E9A-B160-948D2B4641C1}"
EndProject
Project("{9A19103F-16F7-4668-BE54-9A1E7A4F7556}") = "GHPCommerce.Modules.LegalActions", "Modules\GHPCommerce.Modules.LegalActions\GHPCommerce.Modules.LegalActions.csproj", "{03F05697-22A7-4ED3-BED4-4524D0D008E9}"
EndProject
Project("{9A19103F-16F7-4668-BE54-9A1E7A4F7556}") = "GHPCommerce.Modules.HumanResource", "Modules\GHPCommerce.Modules.HumanResource\GHPCommerce.Modules.HumanResource.csproj", "{5B59FE9F-4F29-4B7A-AB0D-73E6EF93D873}"
EndProject
Project("{9A19103F-16F7-4668-BE54-9A1E7A4F7556}") = "AxWCFService", "GHPCommerce.Infrastructure\AxWCFService\AxWCFService.csproj", "{FB4A00A3-4F2C-4F15-8488-C4B2708358D0}"
EndProject
Project("{9A19103F-16F7-4668-BE54-9A1E7A4F7556}") = "HPCS.Service", "GHPCommerce.BackEnd\HPCS.Service\HPCS.Service.csproj", "{1D4BE5B6-1AA8-4847-AE00-8F9F23797EF9}"
EndProject
Global
	GlobalSection(SolutionConfigurationPlatforms) = preSolution
		Debug|Any CPU = Debug|Any CPU
		Release|Any CPU = Release|Any CPU
	EndGlobalSection
	GlobalSection(ProjectConfigurationPlatforms) = postSolution
		{06084144-EC3A-4273-96CC-5A6972F1FFE5}.Debug|Any CPU.ActiveCfg = Debug|Any CPU
		{06084144-EC3A-4273-96CC-5A6972F1FFE5}.Debug|Any CPU.Build.0 = Debug|Any CPU
		{06084144-EC3A-4273-96CC-5A6972F1FFE5}.Release|Any CPU.ActiveCfg = Release|Any CPU
		{06084144-EC3A-4273-96CC-5A6972F1FFE5}.Release|Any CPU.Build.0 = Release|Any CPU
		{B6292C82-30B7-4E6B-B342-0B2CA14E978F}.Debug|Any CPU.ActiveCfg = Debug|Any CPU
		{B6292C82-30B7-4E6B-B342-0B2CA14E978F}.Debug|Any CPU.Build.0 = Debug|Any CPU
		{B6292C82-30B7-4E6B-B342-0B2CA14E978F}.Release|Any CPU.ActiveCfg = Release|Any CPU
		{B6292C82-30B7-4E6B-B342-0B2CA14E978F}.Release|Any CPU.Build.0 = Release|Any CPU
		{516E95F0-8B72-4BF9-99F7-69F57828B7D1}.Debug|Any CPU.ActiveCfg = Debug|Any CPU
		{516E95F0-8B72-4BF9-99F7-69F57828B7D1}.Debug|Any CPU.Build.0 = Debug|Any CPU
		{516E95F0-8B72-4BF9-99F7-69F57828B7D1}.Release|Any CPU.ActiveCfg = Release|Any CPU
		{516E95F0-8B72-4BF9-99F7-69F57828B7D1}.Release|Any CPU.Build.0 = Release|Any CPU
		{86794F77-07BB-4C2D-BE26-7E5CD17C9E2A}.Debug|Any CPU.ActiveCfg = Debug|Any CPU
		{86794F77-07BB-4C2D-BE26-7E5CD17C9E2A}.Debug|Any CPU.Build.0 = Debug|Any CPU
		{86794F77-07BB-4C2D-BE26-7E5CD17C9E2A}.Release|Any CPU.ActiveCfg = Release|Any CPU
		{86794F77-07BB-4C2D-BE26-7E5CD17C9E2A}.Release|Any CPU.Build.0 = Release|Any CPU
		{2A73AC23-F3DA-413C-820F-21CD257A32C7}.Debug|Any CPU.ActiveCfg = Debug|Any CPU
		{2A73AC23-F3DA-413C-820F-21CD257A32C7}.Debug|Any CPU.Build.0 = Debug|Any CPU
		{2A73AC23-F3DA-413C-820F-21CD257A32C7}.Release|Any CPU.ActiveCfg = Release|Any CPU
		{2A73AC23-F3DA-413C-820F-21CD257A32C7}.Release|Any CPU.Build.0 = Release|Any CPU
		{84AF564B-1DBA-425B-8367-F869346A4145}.Debug|Any CPU.ActiveCfg = Debug|Any CPU
		{84AF564B-1DBA-425B-8367-F869346A4145}.Debug|Any CPU.Build.0 = Debug|Any CPU
		{84AF564B-1DBA-425B-8367-F869346A4145}.Release|Any CPU.ActiveCfg = Release|Any CPU
		{84AF564B-1DBA-425B-8367-F869346A4145}.Release|Any CPU.Build.0 = Release|Any CPU
		{B214981F-0F3A-469B-9C7B-2746398E765A}.Debug|Any CPU.ActiveCfg = Debug|Any CPU
		{B214981F-0F3A-469B-9C7B-2746398E765A}.Debug|Any CPU.Build.0 = Debug|Any CPU
		{B214981F-0F3A-469B-9C7B-2746398E765A}.Release|Any CPU.ActiveCfg = Release|Any CPU
		{B214981F-0F3A-469B-9C7B-2746398E765A}.Release|Any CPU.Build.0 = Release|Any CPU
		{651CB11E-769E-4FAA-ACA7-19FCD951BFD6}.Debug|Any CPU.ActiveCfg = Debug|Any CPU
		{651CB11E-769E-4FAA-ACA7-19FCD951BFD6}.Debug|Any CPU.Build.0 = Debug|Any CPU
		{651CB11E-769E-4FAA-ACA7-19FCD951BFD6}.Release|Any CPU.ActiveCfg = Release|Any CPU
		{651CB11E-769E-4FAA-ACA7-19FCD951BFD6}.Release|Any CPU.Build.0 = Release|Any CPU
		{4BEA7236-8B60-4DF9-8570-1814C292D6A0}.Debug|Any CPU.ActiveCfg = Debug|Any CPU
		{4BEA7236-8B60-4DF9-8570-1814C292D6A0}.Debug|Any CPU.Build.0 = Debug|Any CPU
		{4BEA7236-8B60-4DF9-8570-1814C292D6A0}.Release|Any CPU.ActiveCfg = Release|Any CPU
		{4BEA7236-8B60-4DF9-8570-1814C292D6A0}.Release|Any CPU.Build.0 = Release|Any CPU
		{BBB1612A-7EB8-419B-AE56-4DDC34683F7F}.Debug|Any CPU.ActiveCfg = Debug|Any CPU
		{BBB1612A-7EB8-419B-AE56-4DDC34683F7F}.Debug|Any CPU.Build.0 = Debug|Any CPU
		{BBB1612A-7EB8-419B-AE56-4DDC34683F7F}.Release|Any CPU.ActiveCfg = Release|Any CPU
		{BBB1612A-7EB8-419B-AE56-4DDC34683F7F}.Release|Any CPU.Build.0 = Release|Any CPU
		{774ECC29-A5D8-40F2-9A39-8939E64B8177}.Debug|Any CPU.ActiveCfg = Debug|Any CPU
		{774ECC29-A5D8-40F2-9A39-8939E64B8177}.Debug|Any CPU.Build.0 = Debug|Any CPU
		{774ECC29-A5D8-40F2-9A39-8939E64B8177}.Release|Any CPU.ActiveCfg = Release|Any CPU
		{774ECC29-A5D8-40F2-9A39-8939E64B8177}.Release|Any CPU.Build.0 = Release|Any CPU
		{3BA74184-EB57-4E98-85F5-F47F286B3274}.Debug|Any CPU.ActiveCfg = Debug|Any CPU
		{3BA74184-EB57-4E98-85F5-F47F286B3274}.Release|Any CPU.ActiveCfg = Release|Any CPU
		{3BA74184-EB57-4E98-85F5-F47F286B3274}.Release|Any CPU.Build.0 = Release|Any CPU
		{836CDFF5-5365-44C8-9B65-A262B34AACB4}.Debug|Any CPU.ActiveCfg = Debug|Any CPU
		{836CDFF5-5365-44C8-9B65-A262B34AACB4}.Debug|Any CPU.Build.0 = Debug|Any CPU
		{836CDFF5-5365-44C8-9B65-A262B34AACB4}.Release|Any CPU.ActiveCfg = Release|Any CPU
		{836CDFF5-5365-44C8-9B65-A262B34AACB4}.Release|Any CPU.Build.0 = Release|Any CPU
		{AD581177-CAD8-4550-A415-8947BA785585}.Debug|Any CPU.ActiveCfg = Debug|Any CPU
		{AD581177-CAD8-4550-A415-8947BA785585}.Debug|Any CPU.Build.0 = Debug|Any CPU
		{AD581177-CAD8-4550-A415-8947BA785585}.Release|Any CPU.ActiveCfg = Release|Any CPU
		{AD581177-CAD8-4550-A415-8947BA785585}.Release|Any CPU.Build.0 = Release|Any CPU
		{5D7112DA-5A54-4090-8D62-F850030C5BEB}.Debug|Any CPU.ActiveCfg = Debug|Any CPU
		{5D7112DA-5A54-4090-8D62-F850030C5BEB}.Debug|Any CPU.Build.0 = Debug|Any CPU
		{5D7112DA-5A54-4090-8D62-F850030C5BEB}.Release|Any CPU.ActiveCfg = Release|Any CPU
		{5D7112DA-5A54-4090-8D62-F850030C5BEB}.Release|Any CPU.Build.0 = Release|Any CPU
		{A38C7CB7-6201-454B-8120-8A3E9C81AF95}.Debug|Any CPU.ActiveCfg = Debug|Any CPU
		{A38C7CB7-6201-454B-8120-8A3E9C81AF95}.Debug|Any CPU.Build.0 = Debug|Any CPU
		{A38C7CB7-6201-454B-8120-8A3E9C81AF95}.Release|Any CPU.ActiveCfg = Release|Any CPU
		{A38C7CB7-6201-454B-8120-8A3E9C81AF95}.Release|Any CPU.Build.0 = Release|Any CPU
		{47901E1C-9063-4DE3-8D91-9522146D8000}.Debug|Any CPU.ActiveCfg = Debug|Any CPU
		{47901E1C-9063-4DE3-8D91-9522146D8000}.Debug|Any CPU.Build.0 = Debug|Any CPU
		{47901E1C-9063-4DE3-8D91-9522146D8000}.Release|Any CPU.ActiveCfg = Release|Any CPU
		{47901E1C-9063-4DE3-8D91-9522146D8000}.Release|Any CPU.Build.0 = Release|Any CPU
		{98F76C4E-C14E-4E9A-B160-948D2B4641C1}.Debug|Any CPU.ActiveCfg = Debug|Any CPU
		{98F76C4E-C14E-4E9A-B160-948D2B4641C1}.Debug|Any CPU.Build.0 = Debug|Any CPU
		{98F76C4E-C14E-4E9A-B160-948D2B4641C1}.Release|Any CPU.ActiveCfg = Release|Any CPU
		{98F76C4E-C14E-4E9A-B160-948D2B4641C1}.Release|Any CPU.Build.0 = Release|Any CPU
		{03F05697-22A7-4ED3-BED4-4524D0D008E9}.Debug|Any CPU.ActiveCfg = Debug|Any CPU
		{03F05697-22A7-4ED3-BED4-4524D0D008E9}.Debug|Any CPU.Build.0 = Debug|Any CPU
		{03F05697-22A7-4ED3-BED4-4524D0D008E9}.Release|Any CPU.ActiveCfg = Release|Any CPU
		{03F05697-22A7-4ED3-BED4-4524D0D008E9}.Release|Any CPU.Build.0 = Release|Any CPU
		{5B59FE9F-4F29-4B7A-AB0D-73E6EF93D873}.Debug|Any CPU.ActiveCfg = Debug|Any CPU
		{5B59FE9F-4F29-4B7A-AB0D-73E6EF93D873}.Debug|Any CPU.Build.0 = Debug|Any CPU
		{5B59FE9F-4F29-4B7A-AB0D-73E6EF93D873}.Release|Any CPU.ActiveCfg = Release|Any CPU
		{5B59FE9F-4F29-4B7A-AB0D-73E6EF93D873}.Release|Any CPU.Build.0 = Release|Any CPU
		{FB4A00A3-4F2C-4F15-8488-C4B2708358D0}.Debug|Any CPU.ActiveCfg = Debug|Any CPU
		{FB4A00A3-4F2C-4F15-8488-C4B2708358D0}.Debug|Any CPU.Build.0 = Debug|Any CPU
		{FB4A00A3-4F2C-4F15-8488-C4B2708358D0}.Release|Any CPU.ActiveCfg = Release|Any CPU
		{FB4A00A3-4F2C-4F15-8488-C4B2708358D0}.Release|Any CPU.Build.0 = Release|Any CPU
		{1D4BE5B6-1AA8-4847-AE00-8F9F23797EF9}.Debug|Any CPU.ActiveCfg = Debug|Any CPU
		{1D4BE5B6-1AA8-4847-AE00-8F9F23797EF9}.Debug|Any CPU.Build.0 = Debug|Any CPU
		{1D4BE5B6-1AA8-4847-AE00-8F9F23797EF9}.Release|Any CPU.ActiveCfg = Release|Any CPU
		{1D4BE5B6-1AA8-4847-AE00-8F9F23797EF9}.Release|Any CPU.Build.0 = Release|Any CPU
	EndGlobalSection
	GlobalSection(SolutionProperties) = preSolution
		HideSolutionNode = FALSE
	EndGlobalSection
	GlobalSection(NestedProjects) = preSolution
		{06084144-EC3A-4273-96CC-5A6972F1FFE5} = {89657C4F-79B7-4013-9500-E5AE9494B45E}
		{B6292C82-30B7-4E6B-B342-0B2CA14E978F} = {89657C4F-79B7-4013-9500-E5AE9494B45E}
		{516E95F0-8B72-4BF9-99F7-69F57828B7D1} = {F53446F0-E362-4F12-AFB4-3E471A913B68}
		{86794F77-07BB-4C2D-BE26-7E5CD17C9E2A} = {F53446F0-E362-4F12-AFB4-3E471A913B68}
		{2A73AC23-F3DA-413C-820F-21CD257A32C7} = {FCB8E853-CB8E-4CBA-969A-EA3EEB122FDE}
		{84AF564B-1DBA-425B-8367-F869346A4145} = {FCB8E853-CB8E-4CBA-969A-EA3EEB122FDE}
		{651CB11E-769E-4FAA-ACA7-19FCD951BFD6} = {F53446F0-E362-4F12-AFB4-3E471A913B68}
		{4BEA7236-8B60-4DF9-8570-1814C292D6A0} = {FCB8E853-CB8E-4CBA-969A-EA3EEB122FDE}
		{BBB1612A-7EB8-419B-AE56-4DDC34683F7F} = {A22A2C9C-C56A-43EB-92FA-CC6883A70E9D}
		{774ECC29-A5D8-40F2-9A39-8939E64B8177} = {89657C4F-79B7-4013-9500-E5AE9494B45E}
		{3BA74184-EB57-4E98-85F5-F47F286B3274} = {FCB8E853-CB8E-4CBA-969A-EA3EEB122FDE}
		{836CDFF5-5365-44C8-9B65-A262B34AACB4} = {A22A2C9C-C56A-43EB-92FA-CC6883A70E9D}
		{AD581177-CAD8-4550-A415-8947BA785585} = {A22A2C9C-C56A-43EB-92FA-CC6883A70E9D}
		{5D7112DA-5A54-4090-8D62-F850030C5BEB} = {F53446F0-E362-4F12-AFB4-3E471A913B68}
		{A38C7CB7-6201-454B-8120-8A3E9C81AF95} = {A22A2C9C-C56A-43EB-92FA-CC6883A70E9D}
		{47901E1C-9063-4DE3-8D91-9522146D8000} = {A22A2C9C-C56A-43EB-92FA-CC6883A70E9D}
		{98F76C4E-C14E-4E9A-B160-948D2B4641C1} = {A22A2C9C-C56A-43EB-92FA-CC6883A70E9D}
		{03F05697-22A7-4ED3-BED4-4524D0D008E9} = {A22A2C9C-C56A-43EB-92FA-CC6883A70E9D}
		{5B59FE9F-4F29-4B7A-AB0D-73E6EF93D873} = {A22A2C9C-C56A-43EB-92FA-CC6883A70E9D}
		{FB4A00A3-4F2C-4F15-8488-C4B2708358D0} = {F53446F0-E362-4F12-AFB4-3E471A913B68}
		{1D4BE5B6-1AA8-4847-AE00-8F9F23797EF9} = {FCB8E853-CB8E-4CBA-969A-EA3EEB122FDE}
	EndGlobalSection
	GlobalSection(ExtensibilityGlobals) = postSolution
		SolutionGuid = {253E4123-70D1-49EE-AECA-8DE7941371E8}
	EndGlobalSection
EndGlobal
